<?xml version="1.0" encoding="utf-8"?>
<Project ToolsVersion="4.0" xmlns="http://schemas.microsoft.com/developer/msbuild/2003">
  <ItemGroup>
    <ClCompile Include="main.cpp" />
    <ClCompile Include="Shaders\ShaderStorage.cpp">
      <Filter>Shaders</Filter>
    </ClCompile>
    <ClCompile Include="Source\OpenGlErrorHandling.cpp">
      <Filter>Source</Filter>
    </ClCompile>
    <ClCompile Include="Source\RenderFrameRate\FreeTypeAtlas.cpp">
      <Filter>Source\RenderFrameRate</Filter>
    </ClCompile>
    <ClCompile Include="Source\RenderFrameRate\FreeTypeEncapsulated.cpp">
      <Filter>Source\RenderFrameRate</Filter>
    </ClCompile>
    <ClCompile Include="Source\RenderFrameRate\Stopwatch.cpp">
      <Filter>Source\RenderFrameRate</Filter>
    </ClCompile>
    <ClCompile Include="Source\ShaderControllers\ParticleReset.cpp">
      <Filter>Source\ShaderControllers</Filter>
    </ClCompile>
    <ClCompile Include="Source\ShaderControllers\ParticleUpdate.cpp">
      <Filter>Source\ShaderControllers</Filter>
    </ClCompile>
    <ClCompile Include="Source\ShaderControllers\RenderParticles.cpp">
      <Filter>Source\ShaderControllers</Filter>
    </ClCompile>
    <ClCompile Include="Source\Buffers\SSBOs\ParticleSsbo.cpp">
      <Filter>Source\Buffers\SSBOs</Filter>
    </ClCompile>
    <ClCompile Include="Source\Buffers\SSBOs\SsboBase.cpp">
      <Filter>Source\Buffers\SSBOs</Filter>
    </ClCompile>
    <ClCompile Include="Source\Buffers\PersistentAtomicCounterBuffer.cpp">
      <Filter>Source\Buffers</Filter>
    </ClCompile>
    <ClCompile Include="Source\ShaderControllers\RenderGeometry.cpp">
      <Filter>Source\ShaderControllers</Filter>
    </ClCompile>
    <ClCompile Include="Source\ShaderControllers\ProfilingWaitToFinish.cpp">
      <Filter>Source\ShaderControllers</Filter>
    </ClCompile>
    <ClCompile Include="Source\ShaderControllers\ParticleCollisions.cpp">
      <Filter>Source\ShaderControllers</Filter>
    </ClCompile>
    <ClCompile Include="Source\Buffers\SSBOs\ParticleSortingDataSsbo.cpp">
      <Filter>Source\Buffers\SSBOs</Filter>
    </ClCompile>
    <ClCompile Include="Source\Buffers\SSBOs\ParticlePropertiesSsbo.cpp">
      <Filter>Source\Buffers\SSBOs</Filter>
    </ClCompile>
    <ClCompile Include="Source\Buffers\SSBOs\ParticlePotentialCollisionsSsbo.cpp">
      <Filter>Source\Buffers\SSBOs</Filter>
    </ClCompile>
    <ClCompile Include="Source\Buffers\SSBOs\ParticleVelocityVectorGeometrySsbo.cpp">
      <Filter>Source\Buffers\SSBOs</Filter>
    </ClCompile>
    <ClCompile Include="Source\Buffers\SSBOs\VertexSsboBase.cpp">
      <Filter>Source\Buffers\SSBOs</Filter>
    </ClCompile>
    <ClCompile Include="Source\Buffers\SSBOs\ParticleBoundingBoxGeometrySsbo.cpp">
      <Filter>Source\Buffers\SSBOs</Filter>
    </ClCompile>
    <ClCompile Include="Source\Buffers\SSBOs\CollideableGeometrySsbo.cpp">
      <Filter>Source\Buffers\SSBOs</Filter>
    </ClCompile>
    <ClCompile Include="Source\Geometry\BlenderLoad.cpp">
      <Filter>Source\Geometry</Filter>
    </ClCompile>
    <ClCompile Include="Source\ShaderControllers\ParticleGeometryCollisions.cpp">
      <Filter>Source\ShaderControllers</Filter>
    </ClCompile>
    <ClCompile Include="Source\ParticleEmitters\ParticleEmitterBar.cpp">
      <Filter>Source\ParticleEmitters</Filter>
    </ClCompile>
    <ClCompile Include="Source\ParticleEmitters\ParticleEmitterPoint.cpp">
      <Filter>Source\ParticleEmitters</Filter>
    </ClCompile>
    <ClCompile Include="Source\Buffers\SSBOs\ParticleBvhNodeSsbo.cpp">
      <Filter>Source\Buffers\SSBOs</Filter>
    </ClCompile>
    <ClCompile Include="Source\Buffers\SSBOs\ParticlePrefixSumSsbo.cpp">
      <Filter>Source\Buffers\SSBOs</Filter>
    </ClCompile>
  </ItemGroup>
  <ItemGroup>
    <ClInclude Include="Shaders\ShaderStorage.h">
      <Filter>Shaders</Filter>
    </ClInclude>
    <ClInclude Include="Include\OpenGlErrorHandling.h">
      <Filter>Include</Filter>
    </ClInclude>
    <ClInclude Include="Include\RenderFrameRate\FreeTypeAtlas.h">
      <Filter>Include\RenderFrameRate</Filter>
    </ClInclude>
    <ClInclude Include="Include\RenderFrameRate\Stopwatch.h">
      <Filter>Include\RenderFrameRate</Filter>
    </ClInclude>
    <ClInclude Include="Include\RenderFrameRate\FreeTypeEncapsulated.h">
      <Filter>Include\RenderFrameRate</Filter>
    </ClInclude>
    <ClInclude Include="Include\ShaderControllers\ParticleReset.h">
      <Filter>Include\ShaderControllers</Filter>
    </ClInclude>
    <ClInclude Include="Include\ShaderControllers\ParticleUpdate.h">
      <Filter>Include\ShaderControllers</Filter>
    </ClInclude>
    <ClInclude Include="Include\ShaderControllers\RenderParticles.h">
      <Filter>Include\ShaderControllers</Filter>
    </ClInclude>
    <ClInclude Include="Include\Buffers\SSBOs\ParticleSsbo.h">
      <Filter>Include\Buffers\SSBOs</Filter>
    </ClInclude>
    <ClInclude Include="Include\Buffers\SSBOs\SsboBase.h">
      <Filter>Include\Buffers\SSBOs</Filter>
    </ClInclude>
    <ClInclude Include="Include\Buffers\PersistentAtomicCounterBuffer.h">
      <Filter>Include\Buffers</Filter>
    </ClInclude>
    <ClInclude Include="Include\ShaderControllers\RenderGeometry.h">
      <Filter>Include\ShaderControllers</Filter>
    </ClInclude>
    <ClInclude Include="Include\Geometry\MyVertex.h">
      <Filter>Include\Geometry</Filter>
    </ClInclude>
    <ClInclude Include="Include\Geometry\PolygonFace.h">
      <Filter>Include\Geometry</Filter>
    </ClInclude>
    <ClInclude Include="Include\ShaderControllers\ProfilingWaitToFinish.h">
      <Filter>Include\ShaderControllers</Filter>
    </ClInclude>
    <ClInclude Include="Include\Buffers\BvhNode.h">
      <Filter>Include\Buffers</Filter>
    </ClInclude>
    <ClInclude Include="Include\Buffers\Particle.h">
      <Filter>Include\Buffers</Filter>
    </ClInclude>
    <ClInclude Include="Include\Buffers\ParticleProperties.h">
      <Filter>Include\Buffers</Filter>
    </ClInclude>
    <ClInclude Include="Include\Buffers\ParticlePotentialCollisions.h">
      <Filter>Include\Buffers</Filter>
    </ClInclude>
    <ClInclude Include="Include\Buffers\SSBOs\ParticleVelocityVectorGeometrySsbo.h">
      <Filter>Include\Buffers\SSBOs</Filter>
    </ClInclude>
    <ClInclude Include="Include\Buffers\SSBOs\VertexSsboBase.h">
      <Filter>Include\Buffers\SSBOs</Filter>
    </ClInclude>
    <ClInclude Include="Include\Buffers\SSBOs\CollideableGeometrySsbo.h">
      <Filter>Include\Buffers\SSBOs</Filter>
    </ClInclude>
    <ClInclude Include="Include\Geometry\BlenderLoad.h">
      <Filter>Include\Geometry</Filter>
    </ClInclude>
    <ClInclude Include="Include\ShaderControllers\ParticleGeometryCollisions.h">
      <Filter>Include\ShaderControllers</Filter>
    </ClInclude>
    <ClInclude Include="Include\ParticleEmitters\IParticleEmitter.h">
      <Filter>Include\ParticleEmitters</Filter>
    </ClInclude>
    <ClInclude Include="Include\ParticleEmitters\ParticleEmitterBar.h">
      <Filter>Include\ParticleEmitters</Filter>
    </ClInclude>
    <ClInclude Include="Include\ParticleEmitters\ParticleEmitterPoint.h">
      <Filter>Include\ParticleEmitters</Filter>
    </ClInclude>
    <ClInclude Include="Include\ShaderControllers\ParticleCollisions.h">
      <Filter>Include\ShaderControllers</Filter>
    </ClInclude>
    <ClInclude Include="Include\Geometry\Box2D.h">
      <Filter>Include\Geometry</Filter>
    </ClInclude>
    <ClInclude Include="Include\Buffers\SortingData.h">
      <Filter>Include\Buffers</Filter>
    </ClInclude>
    <ClInclude Include="Include\Buffers\SSBOs\ParticleCollisions\ParticleBoundingBoxGeometrySsbo.h">
      <Filter>Include\Buffers\SSBOs\ParticleCollisions</Filter>
    </ClInclude>
    <ClInclude Include="Include\Buffers\SSBOs\ParticleCollisions\ParticleBvhNodeSsbo.h">
      <Filter>Include\Buffers\SSBOs\ParticleCollisions</Filter>
    </ClInclude>
    <ClInclude Include="Include\Buffers\SSBOs\ParticleCollisions\ParticlePotentialCollisionsSsbo.h">
      <Filter>Include\Buffers\SSBOs\ParticleCollisions</Filter>
    </ClInclude>
    <ClInclude Include="Include\Buffers\SSBOs\ParticleCollisions\ParticlePrefixSumSsbo.h">
      <Filter>Include\Buffers\SSBOs\ParticleCollisions</Filter>
    </ClInclude>
    <ClInclude Include="Include\Buffers\SSBOs\ParticleCollisions\ParticlePropertiesSsbo.h">
      <Filter>Include\Buffers\SSBOs\ParticleCollisions</Filter>
    </ClInclude>
    <ClInclude Include="Include\Buffers\SSBOs\ParticleCollisions\ParticleSortingDataSsbo.h">
      <Filter>Include\Buffers\SSBOs\ParticleCollisions</Filter>
    </ClInclude>
    <ClInclude Include="Include\Buffers\SSBOs\ParticleGeometryCollisions\CollideableGeometrySsbo.h">
      <Filter>Include\Buffers\SSBOs\ParticleGeometryCollisions</Filter>
    </ClInclude>
    <ClInclude Include="Include\Buffers\SSBOs\ParticleGeometryCollisions\GeometryBoundingBoxGeometrySsbo.h">
      <Filter>Include\Buffers\SSBOs\ParticleGeometryCollisions</Filter>
    </ClInclude>
    <ClInclude Include="Include\Buffers\SSBOs\ParticleGeometryCollisions\GeometryBvhNodeSsbo.h">
      <Filter>Include\Buffers\SSBOs\ParticleGeometryCollisions</Filter>
    </ClInclude>
    <ClInclude Include="Include\Buffers\SSBOs\ParticleGeometryCollisions\GeometryPrefixSumSsbo.h">
      <Filter>Include\Buffers\SSBOs\ParticleGeometryCollisions</Filter>
    </ClInclude>
    <ClInclude Include="Include\Buffers\SSBOs\ParticleGeometryCollisions\GeometrySortingDataSsbo.h">
      <Filter>Include\Buffers\SSBOs\ParticleGeometryCollisions</Filter>
    </ClInclude>
  </ItemGroup>
  <ItemGroup>
    <Filter Include="Shaders">
      <UniqueIdentifier>{888165dd-9b93-4108-b23e-0c57b4ac9561}</UniqueIdentifier>
    </Filter>
    <Filter Include="Include">
      <UniqueIdentifier>{244c599d-7f54-47ff-aba8-e930e46165c6}</UniqueIdentifier>
    </Filter>
    <Filter Include="Source">
      <UniqueIdentifier>{edb898f2-6571-4166-865e-689d93ec7233}</UniqueIdentifier>
    </Filter>
    <Filter Include="Include\RenderFrameRate">
      <UniqueIdentifier>{948f0825-f7bd-4e99-9ff8-44ea962a9fe1}</UniqueIdentifier>
    </Filter>
    <Filter Include="Source\RenderFrameRate">
      <UniqueIdentifier>{876335fb-702c-4383-b253-b2d2d534542d}</UniqueIdentifier>
    </Filter>
    <Filter Include="Include\ShaderControllers">
      <UniqueIdentifier>{bc6dc51e-3dad-4527-898b-7fe365093c28}</UniqueIdentifier>
    </Filter>
    <Filter Include="Source\ShaderControllers">
      <UniqueIdentifier>{a73809c4-b73c-469b-9701-2aeed3a14341}</UniqueIdentifier>
    </Filter>
    <Filter Include="Include\Buffers">
      <UniqueIdentifier>{c2f70ea0-9cfc-4275-9332-efa4059d446f}</UniqueIdentifier>
    </Filter>
    <Filter Include="Include\Buffers\SSBOs">
      <UniqueIdentifier>{a861b27d-1f08-4a46-8e60-34c4cd4f119b}</UniqueIdentifier>
    </Filter>
    <Filter Include="Source\Buffers">
      <UniqueIdentifier>{10d689cb-a3de-4060-a112-cde5c25ebc09}</UniqueIdentifier>
    </Filter>
    <Filter Include="Source\Buffers\SSBOs">
      <UniqueIdentifier>{97485e9a-3d07-412a-b71e-506f09045e38}</UniqueIdentifier>
    </Filter>
    <Filter Include="Shaders\Render">
      <UniqueIdentifier>{c7075e50-600e-45af-ae6e-4c333fc6c343}</UniqueIdentifier>
    </Filter>
    <Filter Include="Include\Geometry">
      <UniqueIdentifier>{c5ee11ad-17e0-47b0-82bf-68fb8161553f}</UniqueIdentifier>
    </Filter>
    <Filter Include="Shaders\ShaderHeaders">
      <UniqueIdentifier>{facd62e8-a3a4-4307-85fc-a451c756424a}</UniqueIdentifier>
    </Filter>
    <Filter Include="Source\Geometry">
      <UniqueIdentifier>{7e07a09f-f6e3-4a8e-a489-6e259ec092d8}</UniqueIdentifier>
    </Filter>
    <Filter Include="Source\ParticleEmitters">
      <UniqueIdentifier>{66bbd978-c998-4177-bcb5-0a213a4c3b54}</UniqueIdentifier>
    </Filter>
    <Filter Include="Include\ParticleEmitters">
      <UniqueIdentifier>{d357cb74-d829-434b-821c-4223fcc76f76}</UniqueIdentifier>
    </Filter>
    <Filter Include="Shaders\Compute">
      <UniqueIdentifier>{8fcaccb1-05ac-45d7-abe7-baeb82ea5c8c}</UniqueIdentifier>
    </Filter>
    <Filter Include="Shaders\Compute\ParticleVisualization">
      <UniqueIdentifier>{5c2a5d3a-5d30-480f-a86c-901cebd43df3}</UniqueIdentifier>
    </Filter>
    <Filter Include="Shaders\Compute\ParticleReset">
      <UniqueIdentifier>{9963dc41-b77c-43af-bd5d-a130f2d22ac5}</UniqueIdentifier>
    </Filter>
    <Filter Include="Shaders\Compute\GeometryStuff">
      <UniqueIdentifier>{b1910677-1f49-43f6-aed3-cfef812daa5e}</UniqueIdentifier>
    </Filter>
    <Filter Include="Shaders\Compute\Collisions">
      <UniqueIdentifier>{eabc0c48-f6b9-4394-8d2d-5e61a8c115f0}</UniqueIdentifier>
    </Filter>
    <Filter Include="Shaders\Compute\Collisions\ParticleCollisions">
      <UniqueIdentifier>{077b4bae-9441-4c80-90ad-3a07780dcdca}</UniqueIdentifier>
    </Filter>
    <Filter Include="Shaders\Compute\Collisions\ParticleCollisions\Buffers">
      <UniqueIdentifier>{0369cb35-c450-4a87-8b40-06d8ad332400}</UniqueIdentifier>
    </Filter>
    <Filter Include="Shaders\Compute\Collisions\ParticleCollisions\ParticleBvh">
      <UniqueIdentifier>{80849473-23fb-437b-a063-4bb6faf0a93b}</UniqueIdentifier>
    </Filter>
    <Filter Include="Shaders\Compute\Collisions\ParticleCollisions\ParticleSort">
      <UniqueIdentifier>{0192449d-206c-4a87-8e3c-b6140d78dd25}</UniqueIdentifier>
    </Filter>
    <Filter Include="Shaders\Compute\Collisions\ParticleGeometryCollisions">
      <UniqueIdentifier>{60ca3b91-aaef-48d3-8767-5ff3764fc96d}</UniqueIdentifier>
    </Filter>
    <Filter Include="Shaders\Compute\Collisions\ParticleGeometryCollisions\Buffers">
      <UniqueIdentifier>{af067214-2d12-46e3-ba2a-a2eeb23dd34b}</UniqueIdentifier>
    </Filter>
    <Filter Include="Shaders\Compute\Collisions\ParticleGeometryCollisions\GeometryBvh">
      <UniqueIdentifier>{7e469bc1-8c54-460c-81bd-12d78deffdfe}</UniqueIdentifier>
    </Filter>
    <Filter Include="Shaders\Compute\Collisions\ParticleGeometryCollisions\GeometrySort">
      <UniqueIdentifier>{33a34002-7e3c-4060-8479-d940dbdd5975}</UniqueIdentifier>
    </Filter>
    <Filter Include="Include\Buffers\SSBOs\ParticleCollisions">
      <UniqueIdentifier>{e80a5a93-e15a-4f9a-9e3d-ac3d7e88de60}</UniqueIdentifier>
    </Filter>
    <Filter Include="Include\Buffers\SSBOs\ParticleGeometryCollisions">
      <UniqueIdentifier>{2d495700-e21b-479c-9964-5feed6f3b5a0}</UniqueIdentifier>
    </Filter>
  </ItemGroup>
  <ItemGroup>
    <None Include="Shaders\Render\FreeType.frag">
      <Filter>Shaders\Render</Filter>
    </None>
    <None Include="Shaders\Render\FreeType.vert">
      <Filter>Shaders\Render</Filter>
    </None>
    <None Include="Shaders\Render\Geometry.frag">
      <Filter>Shaders\Render</Filter>
    </None>
    <None Include="Shaders\Render\Geometry.vert">
      <Filter>Shaders\Render</Filter>
    </None>
    <None Include="Shaders\Render\ParticleRender.frag">
      <Filter>Shaders\Render</Filter>
    </None>
    <None Include="Shaders\Render\ParticleRender.vert">
      <Filter>Shaders\Render</Filter>
    </None>
    <None Include="Shaders\ShaderHeaders\ComputeShaderWorkGroupSizes.comp">
      <Filter>Shaders\ShaderHeaders</Filter>
    </None>
    <None Include="Shaders\ShaderHeaders\CrossShaderUniformLocations.comp">
      <Filter>Shaders\ShaderHeaders</Filter>
    </None>
    <None Include="Shaders\ShaderHeaders\SsboBufferBindings.comp">
      <Filter>Shaders\ShaderHeaders</Filter>
    </None>
    <None Include="Shaders\ShaderHeaders\Version.comp">
      <Filter>Shaders\ShaderHeaders</Filter>
    </None>
    <None Include="Shaders\Compute\ParticleBuffer.comp">
      <Filter>Shaders\Compute</Filter>
    </None>
    <None Include="Shaders\Compute\ParticlePropertiesBuffer.comp">
      <Filter>Shaders\Compute</Filter>
    </None>
    <None Include="Shaders\Compute\ParticleRegionBoundaries.comp">
      <Filter>Shaders\Compute</Filter>
    </None>
    <None Include="Shaders\Compute\ParticleUpdate.comp">
      <Filter>Shaders\Compute</Filter>
    </None>
    <None Include="Shaders\Compute\QuickNormalize.comp">
      <Filter>Shaders\Compute</Filter>
    </None>
    <None Include="Shaders\Compute\ParticleVisualization\GenerateVerticesParticleVelocityVectors.comp">
      <Filter>Shaders\Compute\ParticleVisualization</Filter>
    </None>
    <None Include="Shaders\Compute\ParticleVisualization\ParticleVelocityVectorGeometryBuffer.comp">
      <Filter>Shaders\Compute\ParticleVisualization</Filter>
    </None>
    <None Include="Shaders\Compute\ParticleReset\ParticleResetBarEmitter.comp">
      <Filter>Shaders\Compute\ParticleReset</Filter>
    </None>
    <None Include="Shaders\Compute\ParticleReset\ParticleResetPointEmitter.comp">
      <Filter>Shaders\Compute\ParticleReset</Filter>
    </None>
    <None Include="Shaders\Compute\ParticleReset\Random.comp">
      <Filter>Shaders\Compute\ParticleReset</Filter>
    </None>
    <None Include="Shaders\Compute\GeometryStuff\MyVertex.comp">
      <Filter>Shaders\Compute\GeometryStuff</Filter>
    </None>
    <None Include="Shaders\Compute\GeometryStuff\PolygonFace.comp">
      <Filter>Shaders\Compute\GeometryStuff</Filter>
    </None>
    <None Include="Shaders\Compute\Collisions\MaxNumPotentialCollisions.comp">
      <Filter>Shaders\Compute\Collisions</Filter>
    </None>
    <None Include="Shaders\Compute\Collisions\PositionToMortonCode.comp">
      <Filter>Shaders\Compute\Collisions</Filter>
    </None>
    <None Include="Shaders\Compute\Collisions\ParticleCollisions\Buffers\ParticleBvhNodeBuffer.comp">
      <Filter>Shaders\Compute\Collisions\ParticleCollisions\Buffers</Filter>
    </None>
    <None Include="Shaders\Compute\Collisions\ParticleCollisions\Buffers\ParticlePrefixScanBuffer.comp">
      <Filter>Shaders\Compute\Collisions\ParticleCollisions\Buffers</Filter>
    </None>
    <None Include="Shaders\Compute\Collisions\ParticleCollisions\Buffers\ParticleSortingDataBuffer.comp">
      <Filter>Shaders\Compute\Collisions\ParticleCollisions\Buffers</Filter>
    </None>
    <None Include="Shaders\Compute\Collisions\ParticleCollisions\ParticleBvh\GenerateBinaryRadixTree.comp">
      <Filter>Shaders\Compute\Collisions\ParticleCollisions\ParticleBvh</Filter>
    </None>
    <None Include="Shaders\Compute\Collisions\ParticleCollisions\ParticleBvh\GenerateLeafNodeBoundingBoxes.comp">
      <Filter>Shaders\Compute\Collisions\ParticleCollisions\ParticleBvh</Filter>
    </None>
    <None Include="Shaders\Compute\Collisions\ParticleCollisions\ParticleBvh\GenerateVerticesParticleBoundingBoxes.comp">
      <Filter>Shaders\Compute\Collisions\ParticleCollisions\ParticleBvh</Filter>
    </None>
    <None Include="Shaders\Compute\Collisions\ParticleCollisions\ParticleBvh\GuaranteeSortingDataUniqueness.comp">
      <Filter>Shaders\Compute\Collisions\ParticleCollisions\ParticleBvh</Filter>
    </None>
    <None Include="Shaders\Compute\Collisions\ParticleCollisions\ParticleBvh\MergeBoundingVolumes.comp">
      <Filter>Shaders\Compute\Collisions\ParticleCollisions\ParticleBvh</Filter>
    </None>
    <None Include="Shaders\Compute\Collisions\ParticleCollisions\ParticleSort\CopyParticlesToCopyBuffer.comp">
      <Filter>Shaders\Compute\Collisions\ParticleCollisions\ParticleSort</Filter>
    </None>
    <None Include="Shaders\Compute\Collisions\ParticleCollisions\ParticleSort\SortParticles.comp">
      <Filter>Shaders\Compute\Collisions\ParticleCollisions\ParticleSort</Filter>
    </None>
    <None Include="Shaders\Compute\Collisions\ParticleCollisions\ParticleSort\SortSortingDataWithPrefixSums.comp">
      <Filter>Shaders\Compute\Collisions\ParticleCollisions\ParticleSort</Filter>
    </None>
    <None Include="Shaders\Compute\Collisions\ParticleGeometryCollisions\Buffers\BoundingBoxGeometryBuffer.comp">
      <Filter>Shaders\Compute\Collisions\ParticleGeometryCollisions\Buffers</Filter>
    </None>
    <None Include="Shaders\Compute\Collisions\ParticleGeometryCollisions\Buffers\GeometryBvhNodeBuffer.comp">
      <Filter>Shaders\Compute\Collisions\ParticleGeometryCollisions\Buffers</Filter>
    </None>
    <None Include="Shaders\Compute\Collisions\ParticleGeometryCollisions\Buffers\GeometryPrefixScanBuffer.comp">
      <Filter>Shaders\Compute\Collisions\ParticleGeometryCollisions\Buffers</Filter>
    </None>
    <None Include="Shaders\Compute\Collisions\ParticleGeometryCollisions\Buffers\GeometrySortingDataBuffer.comp">
      <Filter>Shaders\Compute\Collisions\ParticleGeometryCollisions\Buffers</Filter>
    </None>
    <None Include="Shaders\Compute\Collisions\ParticleCollisions\Buffers\BoundingBoxGeometryBuffer.comp">
      <Filter>Shaders\Compute\Collisions\ParticleCollisions\Buffers</Filter>
    </None>
    <None Include="Shaders\Compute\Collisions\ParticleGeometryCollisions\GeometryBvh\GenerateBinaryRadixTree.comp">
      <Filter>Shaders\Compute\Collisions\ParticleGeometryCollisions\GeometryBvh</Filter>
    </None>
    <None Include="Shaders\Compute\Collisions\ParticleGeometryCollisions\GeometryBvh\GenerateLeafNodeBoundingBoxes.comp">
      <Filter>Shaders\Compute\Collisions\ParticleGeometryCollisions\GeometryBvh</Filter>
    </None>
    <None Include="Shaders\Compute\Collisions\ParticleGeometryCollisions\GeometryBvh\GuaranteeSortingDataUniqueness.comp">
      <Filter>Shaders\Compute\Collisions\ParticleGeometryCollisions\GeometryBvh</Filter>
    </None>
    <None Include="Shaders\Compute\Collisions\ParticleGeometryCollisions\GeometryBvh\MergeBoundingVolumes.comp">
      <Filter>Shaders\Compute\Collisions\ParticleGeometryCollisions\GeometryBvh</Filter>
    </None>
    <None Include="Shaders\Compute\Collisions\ParticleGeometryCollisions\GeometrySort\CopyGeometryToCopyBuffer.comp">
      <Filter>Shaders\Compute\Collisions\ParticleGeometryCollisions\GeometrySort</Filter>
    </None>
    <None Include="Shaders\Compute\Collisions\ParticleGeometryCollisions\GeometrySort\SortGeometry.comp">
      <Filter>Shaders\Compute\Collisions\ParticleGeometryCollisions\GeometrySort</Filter>
    </None>
    <None Include="Shaders\Compute\Collisions\ParticleGeometryCollisions\GeometrySort\SortSortingDataWithPrefixSums.comp">
      <Filter>Shaders\Compute\Collisions\ParticleGeometryCollisions\GeometrySort</Filter>
    </None>
    <None Include="Shaders\Compute\Collisions\ParticleCollisions\ParticleSort\PrefixScanStage1.comp">
      <Filter>Shaders\Compute\Collisions\ParticleCollisions\ParticleSort</Filter>
    </None>
    <None Include="Shaders\Compute\Collisions\ParticleCollisions\ParticleSort\PrefixScanStage2.comp">
      <Filter>Shaders\Compute\Collisions\ParticleCollisions\ParticleSort</Filter>
    </None>
    <None Include="Shaders\Compute\Collisions\ParticleCollisions\ParticleSort\PrefixScanStage3.comp">
      <Filter>Shaders\Compute\Collisions\ParticleCollisions\ParticleSort</Filter>
    </None>
    <None Include="Shaders\Compute\GeometryStuff\Box2D.comp">
      <Filter>Shaders\Compute\GeometryStuff</Filter>
    </None>
    <None Include="Shaders\Compute\Collisions\ParticleCollisions\Buffers\PotentialParticleCollisionsBuffer.comp">
      <Filter>Shaders\Compute\Collisions\ParticleCollisions\Buffers</Filter>
    </None>
    <None Include="Shaders\Compute\Collisions\ParticleCollisions\DetectParticleParticleCollisions.comp">
      <Filter>Shaders\Compute\Collisions\ParticleCollisions</Filter>
    </None>
    <None Include="Shaders\Compute\Collisions\ParticleCollisions\ResolveParticleParticleCollisions.comp">
      <Filter>Shaders\Compute\Collisions\ParticleCollisions</Filter>
    </None>
    <None Include="Shaders\Compute\Collisions\ParticleGeometryCollisions\DetectParticleGeometryCollisions.comp">
      <Filter>Shaders\Compute\Collisions\ParticleGeometryCollisions</Filter>
    </None>
    <None Include="Shaders\Compute\Collisions\ParticleGeometryCollisions\ResolveParticleGeometryCollisions.comp">
      <Filter>Shaders\Compute\Collisions\ParticleGeometryCollisions</Filter>
    </None>
    <None Include="Shaders\Compute\Collisions\CollidableGeometryBuffer.comp">
      <Filter>Shaders\Compute\Collisions</Filter>
    </None>
    <None Include="Shaders\Compute\Collisions\SortingData.comp">
      <Filter>Shaders\Compute\Collisions</Filter>
    </None>
    <None Include="Shaders\Compute\Collisions\ParticleGeometryCollisions\GeometrySort\PrefixScanStage1.comp">
      <Filter>Shaders\Compute\Collisions\ParticleGeometryCollisions\GeometrySort</Filter>
    </None>
    <None Include="Shaders\Compute\Collisions\ParticleGeometryCollisions\GeometrySort\PrefixScanStage2.comp">
      <Filter>Shaders\Compute\Collisions\ParticleGeometryCollisions\GeometrySort</Filter>
    </None>
    <None Include="Shaders\Compute\Collisions\ParticleGeometryCollisions\GeometrySort\PrefixScanStage3.comp">
      <Filter>Shaders\Compute\Collisions\ParticleGeometryCollisions\GeometrySort</Filter>
    </None>
    <None Include="Shaders\Compute\Collisions\ParticleCollisions\ParticleSort\GenerateParticleSortingData.comp">
      <Filter>Shaders\Compute\Collisions\ParticleCollisions\ParticleSort</Filter>
    </None>
    <None Include="Shaders\Compute\Collisions\ParticleGeometryCollisions\GeometrySort\GenerateGeometrySortingData.comp">
      <Filter>Shaders\Compute\Collisions\ParticleGeometryCollisions\GeometrySort</Filter>
    </None>
  </ItemGroup>
  <ItemGroup>
    <Text Include="Shaders\Compute\ParticleReset\ReadMe.txt">
      <Filter>Shaders\Compute\ParticleReset</Filter>
    </Text>
    <Text Include="Shaders\Compute\Collisions\ParticleCollisions\ReadMe.txt">
      <Filter>Shaders\Compute\Collisions\ParticleCollisions</Filter>
    </Text>
    <Text Include="Shaders\Compute\Collisions\ParticleGeometryCollisions\ReadMe.txt">
      <Filter>Shaders\Compute\Collisions\ParticleGeometryCollisions</Filter>
    </Text>
  </ItemGroup>
</Project>