<?xml version="1.0" encoding="utf-8"?>
<Project ToolsVersion="4.0" xmlns="http://schemas.microsoft.com/developer/msbuild/2003">
  <ItemGroup>
    <ClCompile Include="main.cpp" />
    <ClCompile Include="Shaders\ShaderStorage.cpp">
      <Filter>Shaders</Filter>
    </ClCompile>
    <ClCompile Include="Source\OpenGlErrorHandling.cpp">
      <Filter>Source</Filter>
    </ClCompile>
    <ClCompile Include="Source\RenderFrameRate\FreeTypeAtlas.cpp">
      <Filter>Source\RenderFrameRate</Filter>
    </ClCompile>
    <ClCompile Include="Source\RenderFrameRate\FreeTypeEncapsulated.cpp">
      <Filter>Source\RenderFrameRate</Filter>
    </ClCompile>
    <ClCompile Include="Source\RenderFrameRate\Stopwatch.cpp">
      <Filter>Source\RenderFrameRate</Filter>
    </ClCompile>
    <ClCompile Include="Source\ShaderControllers\ParticleReset.cpp">
      <Filter>Source\ShaderControllers</Filter>
    </ClCompile>
    <ClCompile Include="Source\ShaderControllers\ParticleUpdate.cpp">
      <Filter>Source\ShaderControllers</Filter>
    </ClCompile>
    <ClCompile Include="Source\ShaderControllers\RenderParticles.cpp">
      <Filter>Source\ShaderControllers</Filter>
    </ClCompile>
    <ClCompile Include="Source\Buffers\PersistentAtomicCounterBuffer.cpp">
      <Filter>Source\Buffers</Filter>
    </ClCompile>
    <ClCompile Include="Source\ShaderControllers\RenderGeometry.cpp">
      <Filter>Source\ShaderControllers</Filter>
    </ClCompile>
    <ClCompile Include="Source\ShaderControllers\ProfilingWaitToFinish.cpp">
      <Filter>Source\ShaderControllers</Filter>
    </ClCompile>
    <ClCompile Include="Source\Geometry\BlenderLoad.cpp">
      <Filter>Source\Geometry</Filter>
    </ClCompile>
    <ClCompile Include="Source\ParticleEmitters\ParticleEmitterBar.cpp">
      <Filter>Source\ParticleEmitters</Filter>
    </ClCompile>
    <ClCompile Include="Source\ParticleEmitters\ParticleEmitterPoint.cpp">
      <Filter>Source\ParticleEmitters</Filter>
    </ClCompile>
    <ClCompile Include="Source\Buffers\SSBOs\ParticleSsbo.cpp">
      <Filter>Source\Buffers\SSBOs</Filter>
    </ClCompile>
    <ClCompile Include="Source\Buffers\SSBOs\SsboBase.cpp">
      <Filter>Source\Buffers\SSBOs</Filter>
    </ClCompile>
    <ClCompile Include="Source\Buffers\SSBOs\VertexSsboBase.cpp">
      <Filter>Source\Buffers\SSBOs</Filter>
    </ClCompile>
    <ClCompile Include="Source\Buffers\SSBOs\ParticleParticleCollisions\ParticlePrefixSumSsbo.cpp">
      <Filter>Source\Buffers\SSBOs\ParticleParticleCollisions</Filter>
    </ClCompile>
    <ClCompile Include="Source\Buffers\SSBOs\ParticleParticleCollisions\ParticlePropertiesSsbo.cpp">
      <Filter>Source\Buffers\SSBOs\ParticleParticleCollisions</Filter>
    </ClCompile>
    <ClCompile Include="Source\Buffers\SSBOs\ParticleParticleCollisions\ParticleSortingDataSsbo.cpp">
      <Filter>Source\Buffers\SSBOs\ParticleParticleCollisions</Filter>
    </ClCompile>
    <ClCompile Include="Source\Buffers\SSBOs\ParticleParticleCollisions\ParticleBvhNodeSsbo.cpp">
      <Filter>Source\Buffers\SSBOs\ParticleParticleCollisions</Filter>
    </ClCompile>
    <ClCompile Include="Source\Buffers\SSBOs\ParticlePolygonCollisions\CollidablePolygonPrefixSumSsbo.cpp">
      <Filter>Source\Buffers\SSBOs\ParticlePolygonCollisions</Filter>
    </ClCompile>
    <ClCompile Include="Source\Buffers\SSBOs\ParticlePolygonCollisions\CollidablePolygonSortingDataSsbo.cpp">
      <Filter>Source\Buffers\SSBOs\ParticlePolygonCollisions</Filter>
    </ClCompile>
    <ClCompile Include="Source\Buffers\SSBOs\ParticlePolygonCollisions\CollidablePolygonSsbo.cpp">
      <Filter>Source\Buffers\SSBOs\ParticlePolygonCollisions</Filter>
    </ClCompile>
    <ClCompile Include="Source\Buffers\SSBOs\ParticlePolygonCollisions\CollidablePolygonBvhNodeSsbo.cpp">
      <Filter>Source\Buffers\SSBOs\ParticlePolygonCollisions</Filter>
    </ClCompile>
    <ClCompile Include="Source\Buffers\SSBOs\VisualizationOnly\ParticleBoundingBoxGeometrySsbo.cpp">
      <Filter>Source\Buffers\SSBOs\VisualizationOnly</Filter>
    </ClCompile>
    <ClCompile Include="Source\Buffers\SSBOs\VisualizationOnly\ParticleVelocityVectorGeometrySsbo.cpp">
      <Filter>Source\Buffers\SSBOs\VisualizationOnly</Filter>
    </ClCompile>
    <ClCompile Include="Source\Buffers\SSBOs\VisualizationOnly\CollidablePolygonBoundingBoxGeometrySsbo.cpp">
      <Filter>Source\Buffers\SSBOs\VisualizationOnly</Filter>
    </ClCompile>
    <ClCompile Include="Source\Buffers\SSBOs\VisualizationOnly\CollidablePolygonSurfaceNormalGeometrySsbo.cpp">
      <Filter>Source\Buffers\SSBOs\VisualizationOnly</Filter>
    </ClCompile>
    <ClCompile Include="Source\ShaderControllers\ParticleParticleCollisions.cpp">
      <Filter>Source\ShaderControllers</Filter>
    </ClCompile>
    <ClCompile Include="Source\ShaderControllers\ParticlePolygonCollisions.cpp">
      <Filter>Source\ShaderControllers</Filter>
    </ClCompile>
    <ClCompile Include="Source\Buffers\SSBOs\ParticleParticleCollisions\PotentialParticleParticleCollisionsSsbo.cpp">
      <Filter>Source\Buffers\SSBOs\ParticleParticleCollisions</Filter>
    </ClCompile>
    <ClCompile Include="Source\Buffers\SSBOs\ParticlePolygonCollisions\PotentialParticlePolygonCollisionsSsbo.cpp">
      <Filter>Source\Buffers\SSBOs\ParticlePolygonCollisions</Filter>
    </ClCompile>
  </ItemGroup>
  <ItemGroup>
    <ClInclude Include="Shaders\ShaderStorage.h">
      <Filter>Shaders</Filter>
    </ClInclude>
    <ClInclude Include="Include\OpenGlErrorHandling.h">
      <Filter>Include</Filter>
    </ClInclude>
    <ClInclude Include="Include\RenderFrameRate\FreeTypeAtlas.h">
      <Filter>Include\RenderFrameRate</Filter>
    </ClInclude>
    <ClInclude Include="Include\RenderFrameRate\Stopwatch.h">
      <Filter>Include\RenderFrameRate</Filter>
    </ClInclude>
    <ClInclude Include="Include\RenderFrameRate\FreeTypeEncapsulated.h">
      <Filter>Include\RenderFrameRate</Filter>
    </ClInclude>
    <ClInclude Include="Include\ShaderControllers\ParticleReset.h">
      <Filter>Include\ShaderControllers</Filter>
    </ClInclude>
    <ClInclude Include="Include\ShaderControllers\ParticleUpdate.h">
      <Filter>Include\ShaderControllers</Filter>
    </ClInclude>
    <ClInclude Include="Include\ShaderControllers\RenderParticles.h">
      <Filter>Include\ShaderControllers</Filter>
    </ClInclude>
    <ClInclude Include="Include\Buffers\SSBOs\ParticleSsbo.h">
      <Filter>Include\Buffers\SSBOs</Filter>
    </ClInclude>
    <ClInclude Include="Include\Buffers\SSBOs\SsboBase.h">
      <Filter>Include\Buffers\SSBOs</Filter>
    </ClInclude>
    <ClInclude Include="Include\Buffers\PersistentAtomicCounterBuffer.h">
      <Filter>Include\Buffers</Filter>
    </ClInclude>
    <ClInclude Include="Include\ShaderControllers\RenderGeometry.h">
      <Filter>Include\ShaderControllers</Filter>
    </ClInclude>
    <ClInclude Include="Include\Geometry\MyVertex.h">
      <Filter>Include\Geometry</Filter>
    </ClInclude>
    <ClInclude Include="Include\Geometry\PolygonFace.h">
      <Filter>Include\Geometry</Filter>
    </ClInclude>
    <ClInclude Include="Include\ShaderControllers\ProfilingWaitToFinish.h">
      <Filter>Include\ShaderControllers</Filter>
    </ClInclude>
    <ClInclude Include="Include\Buffers\BvhNode.h">
      <Filter>Include\Buffers</Filter>
    </ClInclude>
    <ClInclude Include="Include\Buffers\Particle.h">
      <Filter>Include\Buffers</Filter>
    </ClInclude>
    <ClInclude Include="Include\Buffers\ParticleProperties.h">
      <Filter>Include\Buffers</Filter>
    </ClInclude>
    <ClInclude Include="Include\Buffers\SSBOs\VertexSsboBase.h">
      <Filter>Include\Buffers\SSBOs</Filter>
    </ClInclude>
    <ClInclude Include="Include\Geometry\BlenderLoad.h">
      <Filter>Include\Geometry</Filter>
    </ClInclude>
    <ClInclude Include="Include\ParticleEmitters\IParticleEmitter.h">
      <Filter>Include\ParticleEmitters</Filter>
    </ClInclude>
    <ClInclude Include="Include\ParticleEmitters\ParticleEmitterBar.h">
      <Filter>Include\ParticleEmitters</Filter>
    </ClInclude>
    <ClInclude Include="Include\ParticleEmitters\ParticleEmitterPoint.h">
      <Filter>Include\ParticleEmitters</Filter>
    </ClInclude>
    <ClInclude Include="Include\Geometry\Box2D.h">
      <Filter>Include\Geometry</Filter>
    </ClInclude>
    <ClInclude Include="Include\Buffers\SortingData.h">
      <Filter>Include\Buffers</Filter>
    </ClInclude>
    <ClInclude Include="Include\Buffers\SSBOs\ParticlePolygonCollisions\CollidablePolygonBvhNodeSsbo.h">
      <Filter>Include\Buffers\SSBOs\ParticlePolygonCollisions</Filter>
    </ClInclude>
    <ClInclude Include="Include\Buffers\SSBOs\ParticlePolygonCollisions\CollidablePolygonPrefixSumSsbo.h">
      <Filter>Include\Buffers\SSBOs\ParticlePolygonCollisions</Filter>
    </ClInclude>
    <ClInclude Include="Include\Buffers\SSBOs\ParticlePolygonCollisions\CollidablePolygonSortingDataSsbo.h">
      <Filter>Include\Buffers\SSBOs\ParticlePolygonCollisions</Filter>
    </ClInclude>
    <ClInclude Include="Include\Buffers\SSBOs\ParticlePolygonCollisions\CollidablePolygonSsbo.h">
      <Filter>Include\Buffers\SSBOs\ParticlePolygonCollisions</Filter>
    </ClInclude>
    <ClInclude Include="Include\Buffers\SSBOs\ParticleParticleCollisions\ParticleBvhNodeSsbo.h">
      <Filter>Include\Buffers\SSBOs\ParticleParticleCollisions</Filter>
    </ClInclude>
    <ClInclude Include="Include\Buffers\SSBOs\ParticleParticleCollisions\ParticlePrefixSumSsbo.h">
      <Filter>Include\Buffers\SSBOs\ParticleParticleCollisions</Filter>
    </ClInclude>
    <ClInclude Include="Include\Buffers\SSBOs\ParticleParticleCollisions\ParticlePropertiesSsbo.h">
      <Filter>Include\Buffers\SSBOs\ParticleParticleCollisions</Filter>
    </ClInclude>
    <ClInclude Include="Include\Buffers\SSBOs\ParticleParticleCollisions\ParticleSortingDataSsbo.h">
      <Filter>Include\Buffers\SSBOs\ParticleParticleCollisions</Filter>
    </ClInclude>
    <ClInclude Include="Include\Buffers\SSBOs\VisualizationOnly\CollidablePolygonBoundingBoxGeometrySsbo.h">
      <Filter>Include\Buffers\SSBOs\VisualizationOnly</Filter>
    </ClInclude>
    <ClInclude Include="Include\Buffers\SSBOs\VisualizationOnly\CollidablePolygonSurfaceNormalGeometrySsbo.h">
      <Filter>Include\Buffers\SSBOs\VisualizationOnly</Filter>
    </ClInclude>
    <ClInclude Include="Include\Buffers\SSBOs\VisualizationOnly\ParticleBoundingBoxGeometrySsbo.h">
      <Filter>Include\Buffers\SSBOs\VisualizationOnly</Filter>
    </ClInclude>
    <ClInclude Include="Include\Buffers\SSBOs\VisualizationOnly\ParticleVelocityVectorGeometrySsbo.h">
      <Filter>Include\Buffers\SSBOs\VisualizationOnly</Filter>
    </ClInclude>
    <ClInclude Include="Include\ShaderControllers\ParticleParticleCollisions.h">
      <Filter>Include\ShaderControllers</Filter>
    </ClInclude>
    <ClInclude Include="Include\ShaderControllers\ParticlePolygonCollisions.h">
      <Filter>Include\ShaderControllers</Filter>
    </ClInclude>
    <ClInclude Include="Include\Buffers\SSBOs\ParticleParticleCollisions\PotentialParticleParticleCollisionsSsbo.h">
      <Filter>Include\Buffers\SSBOs\ParticleParticleCollisions</Filter>
    </ClInclude>
    <ClInclude Include="Include\Buffers\SSBOs\ParticlePolygonCollisions\PotentialParticlePolygonCollisionsSsbo.h">
      <Filter>Include\Buffers\SSBOs\ParticlePolygonCollisions</Filter>
    </ClInclude>
    <ClInclude Include="Include\Buffers\PotentialParticleCollisions.h">
      <Filter>Include\Buffers</Filter>
    </ClInclude>
  </ItemGroup>
  <ItemGroup>
    <Filter Include="Shaders">
      <UniqueIdentifier>{888165dd-9b93-4108-b23e-0c57b4ac9561}</UniqueIdentifier>
    </Filter>
    <Filter Include="Include">
      <UniqueIdentifier>{244c599d-7f54-47ff-aba8-e930e46165c6}</UniqueIdentifier>
    </Filter>
    <Filter Include="Source">
      <UniqueIdentifier>{edb898f2-6571-4166-865e-689d93ec7233}</UniqueIdentifier>
    </Filter>
    <Filter Include="Include\RenderFrameRate">
      <UniqueIdentifier>{948f0825-f7bd-4e99-9ff8-44ea962a9fe1}</UniqueIdentifier>
    </Filter>
    <Filter Include="Source\RenderFrameRate">
      <UniqueIdentifier>{876335fb-702c-4383-b253-b2d2d534542d}</UniqueIdentifier>
    </Filter>
    <Filter Include="Include\ShaderControllers">
      <UniqueIdentifier>{bc6dc51e-3dad-4527-898b-7fe365093c28}</UniqueIdentifier>
    </Filter>
    <Filter Include="Source\ShaderControllers">
      <UniqueIdentifier>{a73809c4-b73c-469b-9701-2aeed3a14341}</UniqueIdentifier>
    </Filter>
    <Filter Include="Include\Buffers">
      <UniqueIdentifier>{c2f70ea0-9cfc-4275-9332-efa4059d446f}</UniqueIdentifier>
    </Filter>
    <Filter Include="Include\Buffers\SSBOs">
      <UniqueIdentifier>{a861b27d-1f08-4a46-8e60-34c4cd4f119b}</UniqueIdentifier>
    </Filter>
    <Filter Include="Source\Buffers">
      <UniqueIdentifier>{10d689cb-a3de-4060-a112-cde5c25ebc09}</UniqueIdentifier>
    </Filter>
    <Filter Include="Source\Buffers\SSBOs">
      <UniqueIdentifier>{97485e9a-3d07-412a-b71e-506f09045e38}</UniqueIdentifier>
    </Filter>
    <Filter Include="Shaders\Render">
      <UniqueIdentifier>{c7075e50-600e-45af-ae6e-4c333fc6c343}</UniqueIdentifier>
    </Filter>
    <Filter Include="Include\Geometry">
      <UniqueIdentifier>{c5ee11ad-17e0-47b0-82bf-68fb8161553f}</UniqueIdentifier>
    </Filter>
    <Filter Include="Shaders\ShaderHeaders">
      <UniqueIdentifier>{facd62e8-a3a4-4307-85fc-a451c756424a}</UniqueIdentifier>
    </Filter>
    <Filter Include="Source\Geometry">
      <UniqueIdentifier>{7e07a09f-f6e3-4a8e-a489-6e259ec092d8}</UniqueIdentifier>
    </Filter>
    <Filter Include="Source\ParticleEmitters">
      <UniqueIdentifier>{66bbd978-c998-4177-bcb5-0a213a4c3b54}</UniqueIdentifier>
    </Filter>
    <Filter Include="Include\ParticleEmitters">
      <UniqueIdentifier>{d357cb74-d829-434b-821c-4223fcc76f76}</UniqueIdentifier>
    </Filter>
    <Filter Include="Shaders\Compute">
      <UniqueIdentifier>{8fcaccb1-05ac-45d7-abe7-baeb82ea5c8c}</UniqueIdentifier>
    </Filter>
    <Filter Include="Shaders\Compute\ParticleReset">
      <UniqueIdentifier>{9963dc41-b77c-43af-bd5d-a130f2d22ac5}</UniqueIdentifier>
    </Filter>
    <Filter Include="Shaders\Compute\GeometryStuff">
      <UniqueIdentifier>{b1910677-1f49-43f6-aed3-cfef812daa5e}</UniqueIdentifier>
    </Filter>
    <Filter Include="Shaders\Compute\Collisions">
      <UniqueIdentifier>{eabc0c48-f6b9-4394-8d2d-5e61a8c115f0}</UniqueIdentifier>
    </Filter>
    <Filter Include="Include\Buffers\SSBOs\VisualizationOnly">
      <UniqueIdentifier>{6878508a-5465-4540-8df4-3aadac96364e}</UniqueIdentifier>
    </Filter>
    <Filter Include="Shaders\Compute\Visualization">
      <UniqueIdentifier>{5c2a5d3a-5d30-480f-a86c-901cebd43df3}</UniqueIdentifier>
    </Filter>
    <Filter Include="Include\Buffers\SSBOs\ParticleParticleCollisions">
      <UniqueIdentifier>{5684644d-b47d-46b7-9b30-0416a789cb44}</UniqueIdentifier>
    </Filter>
    <Filter Include="Include\Buffers\SSBOs\ParticlePolygonCollisions">
      <UniqueIdentifier>{e9d0cb34-0c96-47c8-a2d3-731e0168c496}</UniqueIdentifier>
    </Filter>
    <Filter Include="Shaders\Compute\Collisions\ParticleParticle">
      <UniqueIdentifier>{4aa9d1c4-65c9-4f90-ab33-808fd8bada37}</UniqueIdentifier>
    </Filter>
    <Filter Include="Shaders\Compute\Collisions\ParticleParticle\Buffers">
      <UniqueIdentifier>{3e416482-39c2-4421-b3e3-fa46e5de974f}</UniqueIdentifier>
    </Filter>
    <Filter Include="Shaders\Compute\Collisions\ParticleParticle\BvhGeneration">
      <UniqueIdentifier>{384b1ecd-957b-46c6-b706-6b255050c104}</UniqueIdentifier>
    </Filter>
    <Filter Include="Shaders\Compute\Collisions\ParticleParticle\Sorting">
      <UniqueIdentifier>{ac3a395a-aee4-45cd-841e-375f7208a810}</UniqueIdentifier>
    </Filter>
    <Filter Include="Shaders\Compute\Collisions\ParticlePolygon">
      <UniqueIdentifier>{641ae2f8-b3c4-4a91-bee6-5c32bd500a54}</UniqueIdentifier>
    </Filter>
    <Filter Include="Shaders\Compute\Collisions\ParticlePolygon\Buffers">
      <UniqueIdentifier>{38f7d844-f7ab-4e4a-89d2-31728e91d6b4}</UniqueIdentifier>
    </Filter>
    <Filter Include="Shaders\Compute\Collisions\ParticlePolygon\BvhGeneration">
      <UniqueIdentifier>{e96142c8-c51b-4c50-bdc5-29dad2923aee}</UniqueIdentifier>
    </Filter>
    <Filter Include="Shaders\Compute\Collisions\ParticlePolygon\Sorting">
      <UniqueIdentifier>{53249b2b-de0e-4980-a907-2b7a1ecca2f3}</UniqueIdentifier>
    </Filter>
    <Filter Include="Source\Buffers\SSBOs\ParticleParticleCollisions">
      <UniqueIdentifier>{eb21edff-2f43-4ada-ba8a-4898402f4917}</UniqueIdentifier>
    </Filter>
    <Filter Include="Source\Buffers\SSBOs\ParticlePolygonCollisions">
      <UniqueIdentifier>{a978c4dc-79e5-49f2-967f-763d6a51d55b}</UniqueIdentifier>
    </Filter>
    <Filter Include="Source\Buffers\SSBOs\VisualizationOnly">
      <UniqueIdentifier>{f5b051ab-741f-4239-8331-b1e44fd50421}</UniqueIdentifier>
    </Filter>
  </ItemGroup>
  <ItemGroup>
    <None Include="Shaders\Render\FreeType.frag">
      <Filter>Shaders\Render</Filter>
    </None>
    <None Include="Shaders\Render\FreeType.vert">
      <Filter>Shaders\Render</Filter>
    </None>
    <None Include="Shaders\Render\Geometry.frag">
      <Filter>Shaders\Render</Filter>
    </None>
    <None Include="Shaders\Render\Geometry.vert">
      <Filter>Shaders\Render</Filter>
    </None>
    <None Include="Shaders\Render\ParticleRender.frag">
      <Filter>Shaders\Render</Filter>
    </None>
    <None Include="Shaders\Render\ParticleRender.vert">
      <Filter>Shaders\Render</Filter>
    </None>
    <None Include="Shaders\ShaderHeaders\ComputeShaderWorkGroupSizes.comp">
      <Filter>Shaders\ShaderHeaders</Filter>
    </None>
    <None Include="Shaders\ShaderHeaders\CrossShaderUniformLocations.comp">
      <Filter>Shaders\ShaderHeaders</Filter>
    </None>
    <None Include="Shaders\ShaderHeaders\SsboBufferBindings.comp">
      <Filter>Shaders\ShaderHeaders</Filter>
    </None>
    <None Include="Shaders\ShaderHeaders\Version.comp">
      <Filter>Shaders\ShaderHeaders</Filter>
    </None>
    <None Include="Shaders\Compute\ParticleBuffer.comp">
      <Filter>Shaders\Compute</Filter>
    </None>
    <None Include="Shaders\Compute\ParticlePropertiesBuffer.comp">
      <Filter>Shaders\Compute</Filter>
    </None>
    <None Include="Shaders\Compute\ParticleRegionBoundaries.comp">
      <Filter>Shaders\Compute</Filter>
    </None>
    <None Include="Shaders\Compute\ParticleUpdate.comp">
      <Filter>Shaders\Compute</Filter>
    </None>
    <None Include="Shaders\Compute\QuickNormalize.comp">
      <Filter>Shaders\Compute</Filter>
    </None>
    <None Include="Shaders\Compute\ParticleReset\ParticleResetBarEmitter.comp">
      <Filter>Shaders\Compute\ParticleReset</Filter>
    </None>
    <None Include="Shaders\Compute\ParticleReset\ParticleResetPointEmitter.comp">
      <Filter>Shaders\Compute\ParticleReset</Filter>
    </None>
    <None Include="Shaders\Compute\ParticleReset\Random.comp">
      <Filter>Shaders\Compute\ParticleReset</Filter>
    </None>
    <None Include="Shaders\Compute\GeometryStuff\MyVertex.comp">
      <Filter>Shaders\Compute\GeometryStuff</Filter>
    </None>
    <None Include="Shaders\Compute\GeometryStuff\PolygonFace.comp">
      <Filter>Shaders\Compute\GeometryStuff</Filter>
    </None>
    <None Include="Shaders\Compute\Collisions\MaxNumPotentialCollisions.comp">
      <Filter>Shaders\Compute\Collisions</Filter>
    </None>
    <None Include="Shaders\Compute\Collisions\PositionToMortonCode.comp">
      <Filter>Shaders\Compute\Collisions</Filter>
    </None>
    <None Include="Shaders\Compute\GeometryStuff\Box2D.comp">
      <Filter>Shaders\Compute\GeometryStuff</Filter>
    </None>
    <None Include="Shaders\Compute\Collisions\SortingData.comp">
      <Filter>Shaders\Compute\Collisions</Filter>
    </None>
    <None Include="Shaders\Compute\Collisions\CollidablePolygonBuffer.comp">
      <Filter>Shaders\Compute\Collisions</Filter>
    </None>
    <None Include="Shaders\Compute\Collisions\BvhNode.comp">
      <Filter>Shaders\Compute\Collisions</Filter>
    </None>
    <None Include="Shaders\Compute\Collisions\ParticleParticle\DetectParticleParticleCollisions.comp">
      <Filter>Shaders\Compute\Collisions\ParticleParticle</Filter>
    </None>
    <None Include="Shaders\Compute\Collisions\ParticleParticle\ResolveParticleParticleCollisions.comp">
      <Filter>Shaders\Compute\Collisions\ParticleParticle</Filter>
    </None>
    <None Include="Shaders\Compute\Collisions\ParticleParticle\Buffers\ParticleBvhNodeBuffer.comp">
      <Filter>Shaders\Compute\Collisions\ParticleParticle\Buffers</Filter>
    </None>
    <None Include="Shaders\Compute\Collisions\ParticleParticle\Buffers\ParticlePrefixScanBuffer.comp">
      <Filter>Shaders\Compute\Collisions\ParticleParticle\Buffers</Filter>
    </None>
    <None Include="Shaders\Compute\Collisions\ParticleParticle\Buffers\ParticleSortingDataBuffer.comp">
      <Filter>Shaders\Compute\Collisions\ParticleParticle\Buffers</Filter>
    </None>
    <None Include="Shaders\Compute\Collisions\ParticleParticle\BvhGeneration\GenerateBinaryRadixTree.comp">
      <Filter>Shaders\Compute\Collisions\ParticleParticle\BvhGeneration</Filter>
    </None>
    <None Include="Shaders\Compute\Collisions\ParticleParticle\BvhGeneration\GenerateLeafNodeBoundingBoxes.comp">
      <Filter>Shaders\Compute\Collisions\ParticleParticle\BvhGeneration</Filter>
    </None>
    <None Include="Shaders\Compute\Collisions\ParticleParticle\BvhGeneration\GenerateVerticesParticleBoundingBoxes.comp">
      <Filter>Shaders\Compute\Collisions\ParticleParticle\BvhGeneration</Filter>
    </None>
    <None Include="Shaders\Compute\Collisions\ParticleParticle\BvhGeneration\GuaranteeSortingDataUniqueness.comp">
      <Filter>Shaders\Compute\Collisions\ParticleParticle\BvhGeneration</Filter>
    </None>
    <None Include="Shaders\Compute\Collisions\ParticleParticle\BvhGeneration\MergeBoundingVolumes.comp">
      <Filter>Shaders\Compute\Collisions\ParticleParticle\BvhGeneration</Filter>
    </None>
    <None Include="Shaders\Compute\Collisions\ParticleParticle\Sorting\CopyParticlesToCopyBuffer.comp">
      <Filter>Shaders\Compute\Collisions\ParticleParticle\Sorting</Filter>
    </None>
    <None Include="Shaders\Compute\Collisions\ParticleParticle\Sorting\GenerateParticleSortingData.comp">
      <Filter>Shaders\Compute\Collisions\ParticleParticle\Sorting</Filter>
    </None>
    <None Include="Shaders\Compute\Collisions\ParticleParticle\Sorting\PrefixScanStage1.comp">
      <Filter>Shaders\Compute\Collisions\ParticleParticle\Sorting</Filter>
    </None>
    <None Include="Shaders\Compute\Collisions\ParticleParticle\Sorting\PrefixScanStage2.comp">
      <Filter>Shaders\Compute\Collisions\ParticleParticle\Sorting</Filter>
    </None>
    <None Include="Shaders\Compute\Collisions\ParticleParticle\Sorting\PrefixScanStage3.comp">
      <Filter>Shaders\Compute\Collisions\ParticleParticle\Sorting</Filter>
    </None>
    <None Include="Shaders\Compute\Collisions\ParticleParticle\Sorting\SortParticles.comp">
      <Filter>Shaders\Compute\Collisions\ParticleParticle\Sorting</Filter>
    </None>
    <None Include="Shaders\Compute\Collisions\ParticleParticle\Sorting\SortSortingDataWithPrefixSums.comp">
      <Filter>Shaders\Compute\Collisions\ParticleParticle\Sorting</Filter>
    </None>
    <None Include="Shaders\Compute\Collisions\ParticlePolygon\DetectParticlePolygonCollisions.comp">
      <Filter>Shaders\Compute\Collisions\ParticlePolygon</Filter>
    </None>
    <None Include="Shaders\Compute\Collisions\ParticlePolygon\ResolveParticlePolygonCollisions.comp">
      <Filter>Shaders\Compute\Collisions\ParticlePolygon</Filter>
    </None>
    <None Include="Shaders\Compute\Collisions\ParticlePolygon\Buffers\CollidablePolygonBvhNodeBuffer.comp">
      <Filter>Shaders\Compute\Collisions\ParticlePolygon\Buffers</Filter>
    </None>
    <None Include="Shaders\Compute\Collisions\ParticlePolygon\Buffers\CollidablePolygonPrefixScanBuffer.comp">
      <Filter>Shaders\Compute\Collisions\ParticlePolygon\Buffers</Filter>
    </None>
    <None Include="Shaders\Compute\Collisions\ParticlePolygon\Buffers\CollidablePolygonSortingDataBuffer.comp">
      <Filter>Shaders\Compute\Collisions\ParticlePolygon\Buffers</Filter>
    </None>
    <None Include="Shaders\Compute\Collisions\ParticlePolygon\BvhGeneration\GenerateBinaryRadixTree.comp">
      <Filter>Shaders\Compute\Collisions\ParticlePolygon\BvhGeneration</Filter>
    </None>
    <None Include="Shaders\Compute\Collisions\ParticlePolygon\BvhGeneration\GenerateLeafNodeBoundingBoxes.comp">
      <Filter>Shaders\Compute\Collisions\ParticlePolygon\BvhGeneration</Filter>
    </None>
    <None Include="Shaders\Compute\Collisions\ParticlePolygon\BvhGeneration\GuaranteeSortingDataUniqueness.comp">
      <Filter>Shaders\Compute\Collisions\ParticlePolygon\BvhGeneration</Filter>
    </None>
    <None Include="Shaders\Compute\Collisions\ParticlePolygon\BvhGeneration\MergeBoundingVolumes.comp">
      <Filter>Shaders\Compute\Collisions\ParticlePolygon\BvhGeneration</Filter>
    </None>
    <None Include="Shaders\Compute\Collisions\ParticlePolygon\Sorting\CopyGeometryToCopyBuffer.comp">
      <Filter>Shaders\Compute\Collisions\ParticlePolygon\Sorting</Filter>
    </None>
    <None Include="Shaders\Compute\Collisions\ParticlePolygon\Sorting\GenerateGeometrySortingData.comp">
      <Filter>Shaders\Compute\Collisions\ParticlePolygon\Sorting</Filter>
    </None>
    <None Include="Shaders\Compute\Collisions\ParticlePolygon\Sorting\PrefixScanStage1.comp">
      <Filter>Shaders\Compute\Collisions\ParticlePolygon\Sorting</Filter>
    </None>
    <None Include="Shaders\Compute\Collisions\ParticlePolygon\Sorting\PrefixScanStage2.comp">
      <Filter>Shaders\Compute\Collisions\ParticlePolygon\Sorting</Filter>
    </None>
    <None Include="Shaders\Compute\Collisions\ParticlePolygon\Sorting\PrefixScanStage3.comp">
      <Filter>Shaders\Compute\Collisions\ParticlePolygon\Sorting</Filter>
    </None>
    <None Include="Shaders\Compute\Collisions\ParticlePolygon\Sorting\SortCollidablePolygons.comp">
      <Filter>Shaders\Compute\Collisions\ParticlePolygon\Sorting</Filter>
    </None>
    <None Include="Shaders\Compute\Collisions\ParticlePolygon\Sorting\SortSortingDataWithPrefixSums.comp">
      <Filter>Shaders\Compute\Collisions\ParticlePolygon\Sorting</Filter>
    </None>
    <None Include="Shaders\Compute\Visualization\CollidablePolygonBoundingBoxGeometryBuffer.comp">
      <Filter>Shaders\Compute\Visualization</Filter>
    </None>
    <None Include="Shaders\Compute\Visualization\CollidablePolygonSurfaceNormalGeometryBuffer.comp">
      <Filter>Shaders\Compute\Visualization</Filter>
    </None>
    <None Include="Shaders\Compute\Visualization\GenerateVerticesParticleVelocityVectors.comp">
      <Filter>Shaders\Compute\Visualization</Filter>
    </None>
    <None Include="Shaders\Compute\Visualization\ParticleBoundingBoxGeometryBuffer.comp">
      <Filter>Shaders\Compute\Visualization</Filter>
    </None>
    <None Include="Shaders\Compute\Visualization\ParticleVelocityVectorGeometryBuffer.comp">
      <Filter>Shaders\Compute\Visualization</Filter>
    </None>
    <None Include="Shaders\Compute\Collisions\ParticleParticle\Buffers\PotentialParticleParticleCollisionsBuffer.comp">
      <Filter>Shaders\Compute\Collisions\ParticleParticle\Buffers</Filter>
    </None>
    <None Include="Shaders\Compute\Collisions\ParticlePolygon\Buffers\PotentialParticlePolygonCollisionsBuffer.comp">
      <Filter>Shaders\Compute\Collisions\ParticlePolygon\Buffers</Filter>
    </None>
    <None Include="Shaders\Compute\Collisions\PotentialParticleCollisions.comp">
      <Filter>Shaders\Compute\Collisions</Filter>
    </None>
    <None Include="Shaders\Compute\Visualization\GenerateCollidablePolygonBoundingBoxGeometry.comp">
      <Filter>Shaders\Compute\Visualization</Filter>
    </None>
  </ItemGroup>
  <ItemGroup>
    <Text Include="Shaders\Compute\ParticleReset\ReadMe.txt">
      <Filter>Shaders\Compute\ParticleReset</Filter>
    </Text>
  </ItemGroup>
</Project>